
Microsoft Visual Studio Solution File, Format Version 12.00
# Visual Studio Version 17
VisualStudioVersion = 17.12.35707.178 d17.12
MinimumVisualStudioVersion = 10.0.40219.1
Project("{FAE04EC0-301F-11D3-BF4B-00C04F79EFBC}") = "ERMSProject", "ERMSProject.csproj", "{D99BFE2B-FEF6-428B-9C9F-2117B40344CE}"
EndProject
Project("{FAE04EC0-301F-11D3-BF4B-00C04F79EFBC}") = "ERMS", "..\ERMS\ERMS.csproj", "{665E375A-5A02-487D-A043-2D5C3185BECE}"
EndProject
Project("{FAE04EC0-301F-11D3-BF4B-00C04F79EFBC}") = "ERMS.API", "..\ERMS.API\ERMS.API.csproj", "{212AB564-3247-4456-9BAB-831FF09F1440}"
EndProject
Global
	GlobalSection(SolutionConfigurationPlatforms) = preSolution
		Debug|Any CPU = Debug|Any CPU
		Release|Any CPU = Release|Any CPU
	EndGlobalSection
	GlobalSection(ProjectConfigurationPlatforms) = postSolution
		{D99BFE2B-FEF6-428B-9C9F-2117B40344CE}.Debug|Any CPU.ActiveCfg = Debug|Any CPU
		{D99BFE2B-FEF6-428B-9C9F-2117B40344CE}.Debug|Any CPU.Build.0 = Debug|Any CPU
		{D99BFE2B-FEF6-428B-9C9F-2117B40344CE}.Release|Any CPU.ActiveCfg = Release|Any CPU
		{D99BFE2B-FEF6-428B-9C9F-2117B40344CE}.Release|Any CPU.Build.0 = Release|Any CPU
		{665E375A-5A02-487D-A043-2D5C3185BECE}.Debug|Any CPU.ActiveCfg = Debug|Any CPU
		{665E375A-5A02-487D-A043-2D5C3185BECE}.Debug|Any CPU.Build.0 = Debug|Any CPU
		{665E375A-5A02-487D-A043-2D5C3185BECE}.Release|Any CPU.ActiveCfg = Release|Any CPU
		{665E375A-5A02-487D-A043-2D5C3185BECE}.Release|Any CPU.Build.0 = Release|Any CPU
		{212AB564-3247-4456-9BAB-831FF09F1440}.Debug|Any CPU.ActiveCfg = Debug|Any CPU
		{212AB564-3247-4456-9BAB-831FF09F1440}.Debug|Any CPU.Build.0 = Debug|Any CPU
		{212AB564-3247-4456-9BAB-831FF09F1440}.Release|Any CPU.ActiveCfg = Release|Any CPU
		{212AB564-3247-4456-9BAB-831FF09F1440}.Release|Any CPU.Build.0 = Release|Any CPU
	EndGlobalSection
	GlobalSection(SolutionProperties) = preSolution
		HideSolutionNode = FALSE
	EndGlobalSection
EndGlobal
